<?xml version="1.0" encoding="utf-8"?>
<Project ToolsVersion="4.0" xmlns="http://schemas.microsoft.com/developer/msbuild/2003">
  <ItemGroup>
    <Filter Include="Source Files">
      <UniqueIdentifier>{4FC737F1-C7A5-4376-A066-2A32D752A2FF}</UniqueIdentifier>
      <Extensions>cpp;c;cc;cxx;def;odl;idl;hpj;bat;asm;asmx</Extensions>
    </Filter>
    <Filter Include="Header Files">
      <UniqueIdentifier>{93995380-89BD-4b04-88EB-625FBE52EBFB}</UniqueIdentifier>
      <Extensions>h;hh;hpp;hxx;hm;inl;inc;xsd</Extensions>
    </Filter>
    <Filter Include="Resource Files">
      <UniqueIdentifier>{67DA6AB6-F800-4c08-8B7A-83BB121AAD01}</UniqueIdentifier>
      <Extensions>rc;ico;cur;bmp;dlg;rc2;rct;bin;rgs;gif;jpg;jpeg;jpe;resx;tiff;tif;png;wav</Extensions>
    </Filter>
    <Filter Include="Header Files\Selene">
      <UniqueIdentifier>{d54ea8bf-4317-4514-b8cb-0df6207f01e5}</UniqueIdentifier>
    </Filter>
    <Filter Include="Header Files\Lua">
      <UniqueIdentifier>{56155fe2-6295-4918-9b38-f3af031115f6}</UniqueIdentifier>
    </Filter>
  </ItemGroup>
  <ItemGroup>
    <ClInclude Include="include\selene\BaseFun.h">
      <Filter>Header Files\Selene</Filter>
    </ClInclude>
    <ClInclude Include="include\selene\Class.h">
      <Filter>Header Files\Selene</Filter>
    </ClInclude>
    <ClInclude Include="include\selene\ClassFun.h">
      <Filter>Header Files\Selene</Filter>
    </ClInclude>
    <ClInclude Include="include\selene\Ctor.h">
      <Filter>Header Files\Selene</Filter>
    </ClInclude>
    <ClInclude Include="include\selene\Dtor.h">
      <Filter>Header Files\Selene</Filter>
    </ClInclude>
    <ClInclude Include="include\selene\ExceptionHandler.h">
      <Filter>Header Files\Selene</Filter>
    </ClInclude>
    <ClInclude Include="include\selene\ExceptionTypes.h">
      <Filter>Header Files\Selene</Filter>
    </ClInclude>
    <ClInclude Include="include\selene\Fun.h">
      <Filter>Header Files\Selene</Filter>
    </ClInclude>
    <ClInclude Include="include\selene\function.h">
      <Filter>Header Files\Selene</Filter>
    </ClInclude>
    <ClInclude Include="test\common\lifetime.h">
      <Filter>Header Files\Selene</Filter>
    </ClInclude>
    <ClInclude Include="include\selene\LuaName.h">
      <Filter>Header Files\Selene</Filter>
    </ClInclude>
    <ClInclude Include="include\selene\LuaRef.h">
      <Filter>Header Files\Selene</Filter>
    </ClInclude>
    <ClInclude Include="include\selene\MetatableRegistry.h">
      <Filter>Header Files\Selene</Filter>
    </ClInclude>
    <ClInclude Include="include\selene\Obj.h">
      <Filter>Header Files\Selene</Filter>
    </ClInclude>
    <ClInclude Include="test\obj_tests.h">
      <Filter>Header Files\Selene</Filter>
    </ClInclude>
    <ClInclude Include="include\selene\ObjFun.h">
      <Filter>Header Files\Selene</Filter>
    </ClInclude>
    <ClInclude Include="include\selene\primitives.h">
      <Filter>Header Files\Selene</Filter>
    </ClInclude>
    <ClInclude Include="include\selene\references.h">
      <Filter>Header Files\Selene</Filter>
    </ClInclude>
    <ClInclude Include="include\selene\Registry.h">
      <Filter>Header Files\Selene</Filter>
    </ClInclude>
    <ClInclude Include="include\selene\ResourceHandler.h">
      <Filter>Header Files\Selene</Filter>
    </ClInclude>
    <ClInclude Include="include\selene\Selector.h">
      <Filter>Header Files\Selene</Filter>
    </ClInclude>
    <ClInclude Include="include\selene.h">
      <Filter>Header Files\Selene</Filter>
    </ClInclude>
    <ClInclude Include="include\selene\State.h">
      <Filter>Header Files\Selene</Filter>
    </ClInclude>
    <ClInclude Include="include\selene\traits.h">
      <Filter>Header Files\Selene</Filter>
    </ClInclude>
    <ClInclude Include="include\selene\Tuple.h">
      <Filter>Header Files\Selene</Filter>
    </ClInclude>
    <ClInclude Include="include\selene\util.h">
      <Filter>Header Files\Selene</Filter>
    </ClInclude>
    <ClInclude Include="Lua\src\lapi.h">
      <Filter>Header Files\Lua</Filter>
    </ClInclude>
    <ClInclude Include="Lua\src\lauxlib.h">
      <Filter>Header Files\Lua</Filter>
    </ClInclude>
    <ClInclude Include="Lua\src\lcode.h">
      <Filter>Header Files\Lua</Filter>
    </ClInclude>
    <ClInclude Include="Lua\src\lctype.h">
      <Filter>Header Files\Lua</Filter>
    </ClInclude>
    <ClInclude Include="Lua\src\ldebug.h">
      <Filter>Header Files\Lua</Filter>
    </ClInclude>
    <ClInclude Include="Lua\src\ldo.h">
      <Filter>Header Files\Lua</Filter>
    </ClInclude>
    <ClInclude Include="Lua\src\lfunc.h">
      <Filter>Header Files\Lua</Filter>
    </ClInclude>
    <ClInclude Include="Lua\src\lgc.h">
      <Filter>Header Files\Lua</Filter>
    </ClInclude>
    <ClInclude Include="Lua\src\llex.h">
      <Filter>Header Files\Lua</Filter>
    </ClInclude>
    <ClInclude Include="Lua\src\llimits.h">
      <Filter>Header Files\Lua</Filter>
    </ClInclude>
    <ClInclude Include="Lua\src\lmem.h">
      <Filter>Header Files\Lua</Filter>
    </ClInclude>
    <ClInclude Include="Lua\src\lobject.h">
      <Filter>Header Files\Lua</Filter>
    </ClInclude>
    <ClInclude Include="Lua\src\lopcodes.h">
      <Filter>Header Files\Lua</Filter>
    </ClInclude>
    <ClInclude Include="Lua\src\lparser.h">
      <Filter>Header Files\Lua</Filter>
    </ClInclude>
    <ClInclude Include="Lua\src\lprefix.h">
      <Filter>Header Files\Lua</Filter>
    </ClInclude>
    <ClInclude Include="Lua\src\lstate.h">
      <Filter>Header Files\Lua</Filter>
    </ClInclude>
    <ClInclude Include="Lua\src\lstring.h">
      <Filter>Header Files\Lua</Filter>
    </ClInclude>
    <ClInclude Include="Lua\src\ltable.h">
      <Filter>Header Files\Lua</Filter>
    </ClInclude>
    <ClInclude Include="Lua\src\ltm.h">
      <Filter>Header Files\Lua</Filter>
    </ClInclude>
    <ClInclude Include="Lua\src\lua.h">
      <Filter>Header Files\Lua</Filter>
    </ClInclude>
    <ClInclude Include="Lua\src\lua.hpp">
      <Filter>Header Files\Lua</Filter>
    </ClInclude>
    <ClInclude Include="Lua\src\luaconf.h">
      <Filter>Header Files\Lua</Filter>
    </ClInclude>
    <ClInclude Include="Lua\src\lualib.h">
      <Filter>Header Files\Lua</Filter>
    </ClInclude>
    <ClInclude Include="Lua\src\lundump.h">
      <Filter>Header Files\Lua</Filter>
    </ClInclude>
    <ClInclude Include="Lua\src\lvm.h">
      <Filter>Header Files\Lua</Filter>
    </ClInclude>
    <ClInclude Include="Lua\src\lzio.h">
      <Filter>Header Files\Lua</Filter>
    </ClInclude>
  </ItemGroup>
  <ItemGroup>
    <ClCompile Include="Source.cpp">
      <Filter>Source Files</Filter>
    </ClCompile>
    <ClCompile Include="Lua\src\lapi.c">
      <Filter>Source Files</Filter>
    </ClCompile>
    <ClCompile Include="Lua\src\lauxlib.c">
      <Filter>Source Files</Filter>
    </ClCompile>
    <ClCompile Include="Lua\src\lbaselib.c">
      <Filter>Source Files</Filter>
    </ClCompile>
    <ClCompile Include="Lua\src\lbitlib.c">
      <Filter>Source Files</Filter>
    </ClCompile>
    <ClCompile Include="Lua\src\lcode.c">
      <Filter>Source Files</Filter>
    </ClCompile>
    <ClCompile Include="Lua\src\lcorolib.c">
      <Filter>Source Files</Filter>
    </ClCompile>
    <ClCompile Include="Lua\src\lctype.c">
      <Filter>Source Files</Filter>
    </ClCompile>
    <ClCompile Include="Lua\src\ldblib.c">
      <Filter>Source Files</Filter>
    </ClCompile>
    <ClCompile Include="Lua\src\ldebug.c">
      <Filter>Source Files</Filter>
    </ClCompile>
    <ClCompile Include="Lua\src\ldo.c">
      <Filter>Source Files</Filter>
    </ClCompile>
    <ClCompile Include="Lua\src\ldump.c">
      <Filter>Source Files</Filter>
    </ClCompile>
    <ClCompile Include="Lua\src\lfunc.c">
      <Filter>Source Files</Filter>
    </ClCompile>
    <ClCompile Include="Lua\src\lgc.c">
      <Filter>Source Files</Filter>
    </ClCompile>
    <ClCompile Include="Lua\src\linit.c">
      <Filter>Source Files</Filter>
    </ClCompile>
    <ClCompile Include="Lua\src\liolib.c">
      <Filter>Source Files</Filter>
    </ClCompile>
    <ClCompile Include="Lua\src\llex.c">
      <Filter>Source Files</Filter>
    </ClCompile>
    <ClCompile Include="Lua\src\lmathlib.c">
      <Filter>Source Files</Filter>
    </ClCompile>
    <ClCompile Include="Lua\src\lmem.c">
      <Filter>Source Files</Filter>
    </ClCompile>
    <ClCompile Include="Lua\src\loadlib.c">
      <Filter>Source Files</Filter>
    </ClCompile>
    <ClCompile Include="Lua\src\lobject.c">
      <Filter>Source Files</Filter>
    </ClCompile>
    <ClCompile Include="Lua\src\lopcodes.c">
      <Filter>Source Files</Filter>
    </ClCompile>
    <ClCompile Include="Lua\src\loslib.c">
      <Filter>Source Files</Filter>
    </ClCompile>
    <ClCompile Include="Lua\src\lparser.c">
      <Filter>Source Files</Filter>
    </ClCompile>
    <ClCompile Include="Lua\src\lstate.c">
      <Filter>Source Files</Filter>
    </ClCompile>
    <ClCompile Include="Lua\src\lstring.c">
      <Filter>Source Files</Filter>
    </ClCompile>
    <ClCompile Include="Lua\src\lstrlib.c">
      <Filter>Source Files</Filter>
    </ClCompile>
    <ClCompile Include="Lua\src\ltable.c">
      <Filter>Source Files</Filter>
    </ClCompile>
    <ClCompile Include="Lua\src\ltablib.c">
      <Filter>Source Files</Filter>
    </ClCompile>
    <ClCompile Include="Lua\src\ltm.c">
      <Filter>Source Files</Filter>
    </ClCompile>
    <ClCompile Include="Lua\src\lundump.c">
      <Filter>Source Files</Filter>
    </ClCompile>
    <ClCompile Include="Lua\src\lutf8lib.c">
      <Filter>Source Files</Filter>
    </ClCompile>
    <ClCompile Include="Lua\src\lvm.c">
      <Filter>Source Files</Filter>
    </ClCompile>
    <ClCompile Include="Lua\src\lzio.c">
      <Filter>Source Files</Filter>
    </ClCompile>
  </ItemGroup>
  <ItemGroup>
    <None Include="helloworld.lua" />
  </ItemGroup>
</Project>